
Microsoft Visual Studio Solution File, Format Version 12.00
# Visual Studio Version 17
VisualStudioVersion = 17.8.34511.84
MinimumVisualStudioVersion = 10.0.40219.1
Project("{FAE04EC0-301F-11D3-BF4B-00C04F79EFBC}") = "LSPDemo", "LSPDemo\LSPDemo.csproj", "{28ED1A55-3AA2-4E82-AF13-31B6517B8E9C}"
EndProject
Global
	GlobalSection(SolutionConfigurationPlatforms) = preSolution
		Debug|Any CPU = Debug|Any CPU
		Release|Any CPU = Release|Any CPU
	EndGlobalSection
	GlobalSection(ProjectConfigurationPlatforms) = postSolution
		{28ED1A55-3AA2-4E82-AF13-31B6517B8E9C}.Debug|Any CPU.ActiveCfg = Debug|Any CPU
		{28ED1A55-3AA2-4E82-AF13-31B6517B8E9C}.Debug|Any CPU.Build.0 = Debug|Any CPU
		{28ED1A55-3AA2-4E82-AF13-31B6517B8E9C}.Release|Any CPU.ActiveCfg = Release|Any CPU
		{28ED1A55-3AA2-4E82-AF13-31B6517B8E9C}.Release|Any CPU.Build.0 = Release|Any CPU
	EndGlobalSection
	GlobalSection(SolutionProperties) = preSolution
		HideSolutionNode = FALSE
	EndGlobalSection
	GlobalSection(ExtensibilityGlobals) = postSolution
		SolutionGuid = {DFBED182-6B72-414E-881D-03152963250C}
	EndGlobalSection
EndGlobal
