
Microsoft Visual Studio Solution File, Format Version 12.00
# Visual Studio Version 17
VisualStudioVersion = 17.8.34511.84
MinimumVisualStudioVersion = 10.0.40219.1
Project("{FAE04EC0-301F-11D3-BF4B-00C04F79EFBC}") = "ISPDemo", "ISPDemo\ISPDemo.csproj", "{2448AA23-A1E3-48D9-A5BF-3F036C153116}"
EndProject
Global
	GlobalSection(SolutionConfigurationPlatforms) = preSolution
		Debug|Any CPU = Debug|Any CPU
		Release|Any CPU = Release|Any CPU
	EndGlobalSection
	GlobalSection(ProjectConfigurationPlatforms) = postSolution
		{2448AA23-A1E3-48D9-A5BF-3F036C153116}.Debug|Any CPU.ActiveCfg = Debug|Any CPU
		{2448AA23-A1E3-48D9-A5BF-3F036C153116}.Debug|Any CPU.Build.0 = Debug|Any CPU
		{2448AA23-A1E3-48D9-A5BF-3F036C153116}.Release|Any CPU.ActiveCfg = Release|Any CPU
		{2448AA23-A1E3-48D9-A5BF-3F036C153116}.Release|Any CPU.Build.0 = Release|Any CPU
	EndGlobalSection
	GlobalSection(SolutionProperties) = preSolution
		HideSolutionNode = FALSE
	EndGlobalSection
	GlobalSection(ExtensibilityGlobals) = postSolution
		SolutionGuid = {EC255FB0-66D9-4126-8981-E69FB59CFABB}
	EndGlobalSection
EndGlobal
